
Microsoft Visual Studio Solution File, Format Version 12.00
# Visual Studio Version 17
VisualStudioVersion = 17.10.35027.167
MinimumVisualStudioVersion = 10.0.40219.1
Project("{9A19103F-16F7-4668-BE54-9A1E7A4F7556}") = "Medical.Office.Net8WebApi", "Medical.Office.Net8WebApi.csproj", "{4A4D8B4B-F568-4ECA-8750-D44216F6170C}"
EndProject
Project("{9A19103F-16F7-4668-BE54-9A1E7A4F7556}") = "Medical.Office.Common", "..\Medical.Office.Common\Medical.Office.Common.csproj", "{10894902-0393-46E9-B95C-F1DBDA8AC48F}"
EndProject
Project("{9A19103F-16F7-4668-BE54-9A1E7A4F7556}") = "Medical.Office.App", "..\Medical.Office.App\Medical.Office.App.csproj", "{2D20E374-5E70-409F-AB82-9427C013F5C1}"
EndProject
Project("{9A19103F-16F7-4668-BE54-9A1E7A4F7556}") = "Medical.Office.Infra", "..\Medical.Office.Infra\Medical.Office.Infra.csproj", "{FBE9B176-044E-4632-8FDC-AD5C818E3427}"
EndProject
Project("{2150E333-8FDC-42A3-9474-1A3956D46DE8}") = "Solution Items", "Solution Items", "{87EEEE5F-D753-4BB2-9E7F-B12499AF742F}"
	ProjectSection(SolutionItems) = preProject
		..\.dockerignore = ..\.dockerignore
		..\Documentacion\CHANGELOG.md = ..\Documentacion\CHANGELOG.md
		..\docker-compose.yml = ..\docker-compose.yml
		Docker.md = Docker.md
		..\README.md = ..\README.md
		..\Documentacion\TODO.md = ..\Documentacion\TODO.md
		token.txt = token.txt
	EndProjectSection
EndProject
Project("{9A19103F-16F7-4668-BE54-9A1E7A4F7556}") = "Medical.Office.Domain", "..\Medical.Office.Domain\Medical.Office.Domain.csproj", "{31CEE679-F151-408C-AE58-112240924623}"
EndProject
Global
	GlobalSection(SolutionConfigurationPlatforms) = preSolution
		Debug|Any CPU = Debug|Any CPU
		Release|Any CPU = Release|Any CPU
	EndGlobalSection
	GlobalSection(ProjectConfigurationPlatforms) = postSolution
		{4A4D8B4B-F568-4ECA-8750-D44216F6170C}.Debug|Any CPU.ActiveCfg = Debug|Any CPU
		{4A4D8B4B-F568-4ECA-8750-D44216F6170C}.Debug|Any CPU.Build.0 = Debug|Any CPU
		{4A4D8B4B-F568-4ECA-8750-D44216F6170C}.Release|Any CPU.ActiveCfg = Release|Any CPU
		{4A4D8B4B-F568-4ECA-8750-D44216F6170C}.Release|Any CPU.Build.0 = Release|Any CPU
		{10894902-0393-46E9-B95C-F1DBDA8AC48F}.Debug|Any CPU.ActiveCfg = Debug|Any CPU
		{10894902-0393-46E9-B95C-F1DBDA8AC48F}.Debug|Any CPU.Build.0 = Debug|Any CPU
		{10894902-0393-46E9-B95C-F1DBDA8AC48F}.Release|Any CPU.ActiveCfg = Release|Any CPU
		{10894902-0393-46E9-B95C-F1DBDA8AC48F}.Release|Any CPU.Build.0 = Release|Any CPU
		{2D20E374-5E70-409F-AB82-9427C013F5C1}.Debug|Any CPU.ActiveCfg = Debug|Any CPU
		{2D20E374-5E70-409F-AB82-9427C013F5C1}.Debug|Any CPU.Build.0 = Debug|Any CPU
		{2D20E374-5E70-409F-AB82-9427C013F5C1}.Release|Any CPU.ActiveCfg = Release|Any CPU
		{2D20E374-5E70-409F-AB82-9427C013F5C1}.Release|Any CPU.Build.0 = Release|Any CPU
		{FBE9B176-044E-4632-8FDC-AD5C818E3427}.Debug|Any CPU.ActiveCfg = Debug|Any CPU
		{FBE9B176-044E-4632-8FDC-AD5C818E3427}.Debug|Any CPU.Build.0 = Debug|Any CPU
		{FBE9B176-044E-4632-8FDC-AD5C818E3427}.Release|Any CPU.ActiveCfg = Release|Any CPU
		{FBE9B176-044E-4632-8FDC-AD5C818E3427}.Release|Any CPU.Build.0 = Release|Any CPU
		{31CEE679-F151-408C-AE58-112240924623}.Debug|Any CPU.ActiveCfg = Debug|Any CPU
		{31CEE679-F151-408C-AE58-112240924623}.Debug|Any CPU.Build.0 = Debug|Any CPU
		{31CEE679-F151-408C-AE58-112240924623}.Release|Any CPU.ActiveCfg = Release|Any CPU
		{31CEE679-F151-408C-AE58-112240924623}.Release|Any CPU.Build.0 = Release|Any CPU
	EndGlobalSection
	GlobalSection(SolutionProperties) = preSolution
		HideSolutionNode = FALSE
	EndGlobalSection
	GlobalSection(ExtensibilityGlobals) = postSolution
		SolutionGuid = {CBADCE42-CA6F-409F-9172-45A8445323B6}
	EndGlobalSection
EndGlobal
